
Microsoft Visual Studio Solution File, Format Version 12.00
# Visual Studio Version 17
VisualStudioVersion = 17.3.32819.101
MinimumVisualStudioVersion = 10.0.40219.1
Project("{9A19103F-16F7-4668-BE54-9A1E7A4F7556}") = "FastEndPointsExample", "FastEndPointsExample.csproj", "{4E8000CA-BE40-4DFB-97D4-784CA5269500}"
EndProject
Global
	GlobalSection(SolutionConfigurationPlatforms) = preSolution
		Debug|Any CPU = Debug|Any CPU
		Release|Any CPU = Release|Any CPU
	EndGlobalSection
	GlobalSection(ProjectConfigurationPlatforms) = postSolution
		{4E8000CA-BE40-4DFB-97D4-784CA5269500}.Debug|Any CPU.ActiveCfg = Debug|Any CPU
		{4E8000CA-BE40-4DFB-97D4-784CA5269500}.Debug|Any CPU.Build.0 = Debug|Any CPU
		{4E8000CA-BE40-4DFB-97D4-784CA5269500}.Release|Any CPU.ActiveCfg = Release|Any CPU
		{4E8000CA-BE40-4DFB-97D4-784CA5269500}.Release|Any CPU.Build.0 = Release|Any CPU
	EndGlobalSection
	GlobalSection(SolutionProperties) = preSolution
		HideSolutionNode = FALSE
	EndGlobalSection
	GlobalSection(ExtensibilityGlobals) = postSolution
		SolutionGuid = {F779365A-1F1F-4161-9FE7-AA3B85057155}
	EndGlobalSection
EndGlobal
